
Microsoft Visual Studio Solution File, Format Version 12.00
# Visual Studio Version 16
VisualStudioVersion = 16.0.32228.343
MinimumVisualStudioVersion = 10.0.40219.1
Project("{9A19103F-16F7-4668-BE54-9A1E7A4F7556}") = "ZooAPI", "ZooAPI.csproj", "{5338B085-ADFB-45AE-A9F0-8CB8D2A78430}"
EndProject
Project("{9A19103F-16F7-4668-BE54-9A1E7A4F7556}") = "Data", "..\Data\Data.csproj", "{FD2CB08C-D37D-480D-A59D-EDB666DF4114}"
EndProject
Project("{FAE04EC0-301F-11D3-BF4B-00C04F79EFBC}") = "Service", "..\Service\Service.csproj", "{17570836-D324-4A30-82D1-F585325D13F0}"
EndProject
Global
	GlobalSection(SolutionConfigurationPlatforms) = preSolution
		Debug|Any CPU = Debug|Any CPU
		Release|Any CPU = Release|Any CPU
	EndGlobalSection
	GlobalSection(ProjectConfigurationPlatforms) = postSolution
		{5338B085-ADFB-45AE-A9F0-8CB8D2A78430}.Debug|Any CPU.ActiveCfg = Debug|Any CPU
		{5338B085-ADFB-45AE-A9F0-8CB8D2A78430}.Debug|Any CPU.Build.0 = Debug|Any CPU
		{5338B085-ADFB-45AE-A9F0-8CB8D2A78430}.Release|Any CPU.ActiveCfg = Release|Any CPU
		{5338B085-ADFB-45AE-A9F0-8CB8D2A78430}.Release|Any CPU.Build.0 = Release|Any CPU
		{FD2CB08C-D37D-480D-A59D-EDB666DF4114}.Debug|Any CPU.ActiveCfg = Debug|Any CPU
		{FD2CB08C-D37D-480D-A59D-EDB666DF4114}.Debug|Any CPU.Build.0 = Debug|Any CPU
		{FD2CB08C-D37D-480D-A59D-EDB666DF4114}.Release|Any CPU.ActiveCfg = Release|Any CPU
		{FD2CB08C-D37D-480D-A59D-EDB666DF4114}.Release|Any CPU.Build.0 = Release|Any CPU
		{17570836-D324-4A30-82D1-F585325D13F0}.Debug|Any CPU.ActiveCfg = Debug|Any CPU
		{17570836-D324-4A30-82D1-F585325D13F0}.Debug|Any CPU.Build.0 = Debug|Any CPU
		{17570836-D324-4A30-82D1-F585325D13F0}.Release|Any CPU.ActiveCfg = Release|Any CPU
		{17570836-D324-4A30-82D1-F585325D13F0}.Release|Any CPU.Build.0 = Release|Any CPU
	EndGlobalSection
	GlobalSection(SolutionProperties) = preSolution
		HideSolutionNode = FALSE
	EndGlobalSection
	GlobalSection(ExtensibilityGlobals) = postSolution
		SolutionGuid = {8DF70C32-42E9-42E3-BF65-65D9AA468E5B}
	EndGlobalSection
EndGlobal
