
Microsoft Visual Studio Solution File, Format Version 12.00
# Visual Studio Version 16
VisualStudioVersion = 16.0.32228.343
MinimumVisualStudioVersion = 10.0.40219.1
Project("{FAE04EC0-301F-11D3-BF4B-00C04F79EFBC}") = "ZooAPI", "ZooAPI.csproj", "{5338B085-ADFB-45AE-A9F0-8CB8D2A78430}"
EndProject
Global
	GlobalSection(SolutionConfigurationPlatforms) = preSolution
		Debug|Any CPU = Debug|Any CPU
		Release|Any CPU = Release|Any CPU
	EndGlobalSection
	GlobalSection(ProjectConfigurationPlatforms) = postSolution
		{5338B085-ADFB-45AE-A9F0-8CB8D2A78430}.Debug|Any CPU.ActiveCfg = Debug|Any CPU
		{5338B085-ADFB-45AE-A9F0-8CB8D2A78430}.Debug|Any CPU.Build.0 = Debug|Any CPU
		{5338B085-ADFB-45AE-A9F0-8CB8D2A78430}.Release|Any CPU.ActiveCfg = Release|Any CPU
		{5338B085-ADFB-45AE-A9F0-8CB8D2A78430}.Release|Any CPU.Build.0 = Release|Any CPU
	EndGlobalSection
	GlobalSection(SolutionProperties) = preSolution
		HideSolutionNode = FALSE
	EndGlobalSection
	GlobalSection(ExtensibilityGlobals) = postSolution
		SolutionGuid = {8DF70C32-42E9-42E3-BF65-65D9AA468E5B}
	EndGlobalSection
EndGlobal
